// !$*UTF8*$!
{
	archiveVersion = 1;
	classes = {
	};
	objectVersion = 56;
	objects = {

/* Begin PBXBuildFile section */
		2268DF572BE1586B00A15D3E /* IdadePage.swift in Sources */ = {isa = PBXBuildFile; fileRef = 2268DF562BE1586B00A15D3E /* IdadePage.swift */; };
		2268DF592BE1639400A15D3E /* Homepage.swift in Sources */ = {isa = PBXBuildFile; fileRef = 2268DF582BE1639400A15D3E /* Homepage.swift */; };
		226B78362C06433C004B67A9 /* Obstaculo.swift in Sources */ = {isa = PBXBuildFile; fileRef = 226B78352C06433C004B67A9 /* Obstaculo.swift */; };
		227C24F62BF3F01500F17E10 /* Tartaruga.swift in Sources */ = {isa = PBXBuildFile; fileRef = 227C24F52BF3F01500F17E10 /* Tartaruga.swift */; };
		227C24FA2BF3F03800F17E10 /* Move.swift in Sources */ = {isa = PBXBuildFile; fileRef = 227C24F92BF3F03800F17E10 /* Move.swift */; };
		227C24FE2BF3F05A00F17E10 /* TartarugaViewModel.swift in Sources */ = {isa = PBXBuildFile; fileRef = 227C24FD2BF3F05A00F17E10 /* TartarugaViewModel.swift */; };
		228413C52BE55BFF0099DCAF /* Fase.swift in Sources */ = {isa = PBXBuildFile; fileRef = 228413C42BE55BFF0099DCAF /* Fase.swift */; };
		228413C72BE56AF00099DCAF /* SelecaoFase.swift in Sources */ = {isa = PBXBuildFile; fileRef = 228413C62BE56AF00099DCAF /* SelecaoFase.swift */; };
		22C2942E2BDC34F80024D0F7 /* TelaInicial.swift in Sources */ = {isa = PBXBuildFile; fileRef = 22C2942D2BDC34F80024D0F7 /* TelaInicial.swift */; };
		22CAF73D2BD8168800A4797F /* CodeKid_sApp.swift in Sources */ = {isa = PBXBuildFile; fileRef = 22CAF73C2BD8168800A4797F /* CodeKid_sApp.swift */; };
		22CAF73F2BD8168800A4797F /* ContentView.swift in Sources */ = {isa = PBXBuildFile; fileRef = 22CAF73E2BD8168800A4797F /* ContentView.swift */; };
		22CAF7432BD8168900A4797F /* Assets.xcassets in Resources */ = {isa = PBXBuildFile; fileRef = 22CAF7422BD8168900A4797F /* Assets.xcassets */; };
		22CAF7462BD8168900A4797F /* Preview Assets.xcassets in Resources */ = {isa = PBXBuildFile; fileRef = 22CAF7452BD8168900A4797F /* Preview Assets.xcassets */; };
/* End PBXBuildFile section */

/* Begin PBXFileReference section */
		2268DF562BE1586B00A15D3E /* IdadePage.swift */ = {isa = PBXFileReference; lastKnownFileType = sourcecode.swift; path = IdadePage.swift; sourceTree = "<group>"; };
		2268DF582BE1639400A15D3E /* Homepage.swift */ = {isa = PBXFileReference; lastKnownFileType = sourcecode.swift; path = Homepage.swift; sourceTree = "<group>"; };
		226B78352C06433C004B67A9 /* Obstaculo.swift */ = {isa = PBXFileReference; lastKnownFileType = sourcecode.swift; path = Obstaculo.swift; sourceTree = "<group>"; };
		227C24F52BF3F01500F17E10 /* Tartaruga.swift */ = {isa = PBXFileReference; lastKnownFileType = sourcecode.swift; path = Tartaruga.swift; sourceTree = "<group>"; };
		227C24F92BF3F03800F17E10 /* Move.swift */ = {isa = PBXFileReference; lastKnownFileType = sourcecode.swift; path = Move.swift; sourceTree = "<group>"; };
		227C24FD2BF3F05A00F17E10 /* TartarugaViewModel.swift */ = {isa = PBXFileReference; lastKnownFileType = sourcecode.swift; path = TartarugaViewModel.swift; sourceTree = "<group>"; };
		228413C42BE55BFF0099DCAF /* Fase.swift */ = {isa = PBXFileReference; lastKnownFileType = sourcecode.swift; path = Fase.swift; sourceTree = "<group>"; };
		228413C62BE56AF00099DCAF /* SelecaoFase.swift */ = {isa = PBXFileReference; lastKnownFileType = sourcecode.swift; path = SelecaoFase.swift; sourceTree = "<group>"; };
		22C2942D2BDC34F80024D0F7 /* TelaInicial.swift */ = {isa = PBXFileReference; lastKnownFileType = sourcecode.swift; path = TelaInicial.swift; sourceTree = "<group>"; };
		22CAF7392BD8168800A4797F /* CodeKid's.app */ = {isa = PBXFileReference; explicitFileType = wrapper.application; includeInIndex = 0; path = "CodeKid's.app"; sourceTree = BUILT_PRODUCTS_DIR; };
		22CAF73C2BD8168800A4797F /* CodeKid_sApp.swift */ = {isa = PBXFileReference; lastKnownFileType = sourcecode.swift; path = CodeKid_sApp.swift; sourceTree = "<group>"; };
		22CAF73E2BD8168800A4797F /* ContentView.swift */ = {isa = PBXFileReference; lastKnownFileType = sourcecode.swift; path = ContentView.swift; sourceTree = "<group>"; };
		22CAF7422BD8168900A4797F /* Assets.xcassets */ = {isa = PBXFileReference; lastKnownFileType = folder.assetcatalog; path = Assets.xcassets; sourceTree = "<group>"; };
		22CAF7452BD8168900A4797F /* Preview Assets.xcassets */ = {isa = PBXFileReference; lastKnownFileType = folder.assetcatalog; path = "Preview Assets.xcassets"; sourceTree = "<group>"; };
/* End PBXFileReference section */

/* Begin PBXFrameworksBuildPhase section */
		22CAF7362BD8168800A4797F /* Frameworks */ = {
			isa = PBXFrameworksBuildPhase;
			buildActionMask = 2147483647;
			files = (
			);
			runOnlyForDeploymentPostprocessing = 0;
		};
/* End PBXFrameworksBuildPhase section */

/* Begin PBXGroup section */
		228413D02BE571400099DCAF /* Fases */ = {
			isa = PBXGroup;
			children = (
				228413C42BE55BFF0099DCAF /* Fase.swift */,
			);
			path = Fases;
			sourceTree = "<group>";
		};
		22CAF7302BD8168800A4797F = {
			isa = PBXGroup;
			children = (
				227C24F92BF3F03800F17E10 /* Move.swift */,
				227C24F52BF3F01500F17E10 /* Tartaruga.swift */,
				226B78352C06433C004B67A9 /* Obstaculo.swift */,
				227C24FD2BF3F05A00F17E10 /* TartarugaViewModel.swift */,
				22CAF73B2BD8168800A4797F /* CodeKid's */,
				22CAF73A2BD8168800A4797F /* Products */,
			);
			sourceTree = "<group>";
		};
		22CAF73A2BD8168800A4797F /* Products */ = {
			isa = PBXGroup;
			children = (
				22CAF7392BD8168800A4797F /* CodeKid's.app */,
			);
			name = Products;
			sourceTree = "<group>";
		};
		22CAF73B2BD8168800A4797F /* CodeKid's */ = {
			isa = PBXGroup;
			children = (
				22CAF73C2BD8168800A4797F /* CodeKid_sApp.swift */,
				22CAF73E2BD8168800A4797F /* ContentView.swift */,
				22C2942D2BDC34F80024D0F7 /* TelaInicial.swift */,
				2268DF562BE1586B00A15D3E /* IdadePage.swift */,
				2268DF582BE1639400A15D3E /* Homepage.swift */,
				228413C62BE56AF00099DCAF /* SelecaoFase.swift */,
				228413D02BE571400099DCAF /* Fases */,
				22CAF7422BD8168900A4797F /* Assets.xcassets */,
				22CAF7442BD8168900A4797F /* Preview Content */,
			);
			path = "CodeKid's";
			sourceTree = "<group>";
		};
		22CAF7442BD8168900A4797F /* Preview Content */ = {
			isa = PBXGroup;
			children = (
				22CAF7452BD8168900A4797F /* Preview Assets.xcassets */,
			);
			path = "Preview Content";
			sourceTree = "<group>";
		};
/* End PBXGroup section */

/* Begin PBXNativeTarget section */
		22CAF7382BD8168800A4797F /* CodeKid's */ = {
			isa = PBXNativeTarget;
			buildConfigurationList = 22CAF7492BD8168900A4797F /* Build configuration list for PBXNativeTarget "CodeKid's" */;
			buildPhases = (
				22CAF7352BD8168800A4797F /* Sources */,
				22CAF7362BD8168800A4797F /* Frameworks */,
				22CAF7372BD8168800A4797F /* Resources */,
			);
			buildRules = (
			);
			dependencies = (
				228413E92BE57B760099DCAF /* PBXTargetDependency */,
			);
			name = "CodeKid's";
			packageProductDependencies = (
			);
			productName = "CodeKid's";
			productReference = 22CAF7392BD8168800A4797F /* CodeKid's.app */;
			productType = "com.apple.product-type.application";
		};
/* End PBXNativeTarget section */

/* Begin PBXProject section */
		22CAF7312BD8168800A4797F /* Project object */ = {
			isa = PBXProject;
			attributes = {
				BuildIndependentTargetsInParallel = 1;
				LastSwiftUpdateCheck = 1520;
				LastUpgradeCheck = 1520;
				TargetAttributes = {
					22CAF7382BD8168800A4797F = {
						CreatedOnToolsVersion = 15.2;
					};
				};
			};
			buildConfigurationList = 22CAF7342BD8168800A4797F /* Build configuration list for PBXProject "CodeKid's" */;
			compatibilityVersion = "Xcode 14.0";
			developmentRegion = en;
			hasScannedForEncodings = 0;
			knownRegions = (
				en,
				Base,
			);
			mainGroup = 22CAF7302BD8168800A4797F;
			packageReferences = (
				228413E22BE579300099DCAF /* XCRemoteSwiftPackageReference "swiftui-lint" */,
			);
			productRefGroup = 22CAF73A2BD8168800A4797F /* Products */;
			projectDirPath = "";
			projectRoot = "";
			targets = (
				22CAF7382BD8168800A4797F /* CodeKid's */,
			);
		};
/* End PBXProject section */

/* Begin PBXResourcesBuildPhase section */
		22CAF7372BD8168800A4797F /* Resources */ = {
			isa = PBXResourcesBuildPhase;
			buildActionMask = 2147483647;
			files = (
				22CAF7462BD8168900A4797F /* Preview Assets.xcassets in Resources */,
				22CAF7432BD8168900A4797F /* Assets.xcassets in Resources */,
			);
			runOnlyForDeploymentPostprocessing = 0;
		};
/* End PBXResourcesBuildPhase section */

/* Begin PBXSourcesBuildPhase section */
		22CAF7352BD8168800A4797F /* Sources */ = {
			isa = PBXSourcesBuildPhase;
			buildActionMask = 2147483647;
			files = (
				227C24FE2BF3F05A00F17E10 /* TartarugaViewModel.swift in Sources */,
				226B78362C06433C004B67A9 /* Obstaculo.swift in Sources */,
				228413C72BE56AF00099DCAF /* SelecaoFase.swift in Sources */,
				227C24F62BF3F01500F17E10 /* Tartaruga.swift in Sources */,
				228413C52BE55BFF0099DCAF /* Fase.swift in Sources */,
				227C24FA2BF3F03800F17E10 /* Move.swift in Sources */,
				22C2942E2BDC34F80024D0F7 /* TelaInicial.swift in Sources */,
				22CAF73F2BD8168800A4797F /* ContentView.swift in Sources */,
				2268DF572BE1586B00A15D3E /* IdadePage.swift in Sources */,
				2268DF592BE1639400A15D3E /* Homepage.swift in Sources */,
				22CAF73D2BD8168800A4797F /* CodeKid_sApp.swift in Sources */,
			);
			runOnlyForDeploymentPostprocessing = 0;
		};
/* End PBXSourcesBuildPhase section */

/* Begin PBXTargetDependency section */
		228413E92BE57B760099DCAF /* PBXTargetDependency */ = {
			isa = PBXTargetDependency;
			productRef = 228413E82BE57B760099DCAF /* SwiftUILintPlugin */;
		};
/* End PBXTargetDependency section */

/* Begin XCBuildConfiguration section */
		22CAF7472BD8168900A4797F /* Debug */ = {
			isa = XCBuildConfiguration;
			buildSettings = {
				ALWAYS_SEARCH_USER_PATHS = NO;
				ASSETCATALOG_COMPILER_GENERATE_SWIFT_ASSET_SYMBOL_EXTENSIONS = YES;
				CLANG_ANALYZER_NONNULL = YES;
				CLANG_ANALYZER_NUMBER_OBJECT_CONVERSION = YES_AGGRESSIVE;
				CLANG_CXX_LANGUAGE_STANDARD = "gnu++20";
				CLANG_ENABLE_MODULES = YES;
				CLANG_ENABLE_OBJC_ARC = YES;
				CLANG_ENABLE_OBJC_WEAK = YES;
				CLANG_WARN_BLOCK_CAPTURE_AUTORELEASING = YES;
				CLANG_WARN_BOOL_CONVERSION = YES;
				CLANG_WARN_COMMA = YES;
				CLANG_WARN_CONSTANT_CONVERSION = YES;
				CLANG_WARN_DEPRECATED_OBJC_IMPLEMENTATIONS = YES;
				CLANG_WARN_DIRECT_OBJC_ISA_USAGE = YES_ERROR;
				CLANG_WARN_DOCUMENTATION_COMMENTS = YES;
				CLANG_WARN_EMPTY_BODY = YES;
				CLANG_WARN_ENUM_CONVERSION = YES;
				CLANG_WARN_INFINITE_RECURSION = YES;
				CLANG_WARN_INT_CONVERSION = YES;
				CLANG_WARN_NON_LITERAL_NULL_CONVERSION = YES;
				CLANG_WARN_OBJC_IMPLICIT_RETAIN_SELF = YES;
				CLANG_WARN_OBJC_LITERAL_CONVERSION = YES;
				CLANG_WARN_OBJC_ROOT_CLASS = YES_ERROR;
				CLANG_WARN_QUOTED_INCLUDE_IN_FRAMEWORK_HEADER = YES;
				CLANG_WARN_RANGE_LOOP_ANALYSIS = YES;
				CLANG_WARN_STRICT_PROTOTYPES = YES;
				CLANG_WARN_SUSPICIOUS_MOVE = YES;
				CLANG_WARN_UNGUARDED_AVAILABILITY = YES_AGGRESSIVE;
				CLANG_WARN_UNREACHABLE_CODE = YES;
				CLANG_WARN__DUPLICATE_METHOD_MATCH = YES;
				COPY_PHASE_STRIP = NO;
				DEBUG_INFORMATION_FORMAT = dwarf;
				ENABLE_STRICT_OBJC_MSGSEND = YES;
				ENABLE_TESTABILITY = YES;
				ENABLE_USER_SCRIPT_SANDBOXING = YES;
				GCC_C_LANGUAGE_STANDARD = gnu17;
				GCC_DYNAMIC_NO_PIC = NO;
				GCC_NO_COMMON_BLOCKS = YES;
				GCC_OPTIMIZATION_LEVEL = 0;
				GCC_PREPROCESSOR_DEFINITIONS = (
					"DEBUG=1",
					"$(inherited)",
				);
				GCC_WARN_64_TO_32_BIT_CONVERSION = YES;
				GCC_WARN_ABOUT_RETURN_TYPE = YES_ERROR;
				GCC_WARN_UNDECLARED_SELECTOR = YES;
				GCC_WARN_UNINITIALIZED_AUTOS = YES_AGGRESSIVE;
				GCC_WARN_UNUSED_FUNCTION = YES;
				GCC_WARN_UNUSED_VARIABLE = YES;
				IPHONEOS_DEPLOYMENT_TARGET = 17.2;
				LOCALIZATION_PREFERS_STRING_CATALOGS = YES;
				MTL_ENABLE_DEBUG_INFO = INCLUDE_SOURCE;
				MTL_FAST_MATH = YES;
				ONLY_ACTIVE_ARCH = YES;
				SDKROOT = iphoneos;
				SWIFT_ACTIVE_COMPILATION_CONDITIONS = "DEBUG $(inherited)";
				SWIFT_OPTIMIZATION_LEVEL = "-Onone";
			};
			name = Debug;
		};
		22CAF7482BD8168900A4797F /* Release */ = {
			isa = XCBuildConfiguration;
			buildSettings = {
				ALWAYS_SEARCH_USER_PATHS = NO;
				ASSETCATALOG_COMPILER_GENERATE_SWIFT_ASSET_SYMBOL_EXTENSIONS = YES;
				CLANG_ANALYZER_NONNULL = YES;
				CLANG_ANALYZER_NUMBER_OBJECT_CONVERSION = YES_AGGRESSIVE;
				CLANG_CXX_LANGUAGE_STANDARD = "gnu++20";
				CLANG_ENABLE_MODULES = YES;
				CLANG_ENABLE_OBJC_ARC = YES;
				CLANG_ENABLE_OBJC_WEAK = YES;
				CLANG_WARN_BLOCK_CAPTURE_AUTORELEASING = YES;
				CLANG_WARN_BOOL_CONVERSION = YES;
				CLANG_WARN_COMMA = YES;
				CLANG_WARN_CONSTANT_CONVERSION = YES;
				CLANG_WARN_DEPRECATED_OBJC_IMPLEMENTATIONS = YES;
				CLANG_WARN_DIRECT_OBJC_ISA_USAGE = YES_ERROR;
				CLANG_WARN_DOCUMENTATION_COMMENTS = YES;
				CLANG_WARN_EMPTY_BODY = YES;
				CLANG_WARN_ENUM_CONVERSION = YES;
				CLANG_WARN_INFINITE_RECURSION = YES;
				CLANG_WARN_INT_CONVERSION = YES;
				CLANG_WARN_NON_LITERAL_NULL_CONVERSION = YES;
				CLANG_WARN_OBJC_IMPLICIT_RETAIN_SELF = YES;
				CLANG_WARN_OBJC_LITERAL_CONVERSION = YES;
				CLANG_WARN_OBJC_ROOT_CLASS = YES_ERROR;
				CLANG_WARN_QUOTED_INCLUDE_IN_FRAMEWORK_HEADER = YES;
				CLANG_WARN_RANGE_LOOP_ANALYSIS = YES;
				CLANG_WARN_STRICT_PROTOTYPES = YES;
				CLANG_WARN_SUSPICIOUS_MOVE = YES;
				CLANG_WARN_UNGUARDED_AVAILABILITY = YES_AGGRESSIVE;
				CLANG_WARN_UNREACHABLE_CODE = YES;
				CLANG_WARN__DUPLICATE_METHOD_MATCH = YES;
				COPY_PHASE_STRIP = NO;
				DEBUG_INFORMATION_FORMAT = "dwarf-with-dsym";
				ENABLE_NS_ASSERTIONS = NO;
				ENABLE_STRICT_OBJC_MSGSEND = YES;
				ENABLE_USER_SCRIPT_SANDBOXING = YES;
				GCC_C_LANGUAGE_STANDARD = gnu17;
				GCC_NO_COMMON_BLOCKS = YES;
				GCC_WARN_64_TO_32_BIT_CONVERSION = YES;
				GCC_WARN_ABOUT_RETURN_TYPE = YES_ERROR;
				GCC_WARN_UNDECLARED_SELECTOR = YES;
				GCC_WARN_UNINITIALIZED_AUTOS = YES_AGGRESSIVE;
				GCC_WARN_UNUSED_FUNCTION = YES;
				GCC_WARN_UNUSED_VARIABLE = YES;
				IPHONEOS_DEPLOYMENT_TARGET = 17.2;
				LOCALIZATION_PREFERS_STRING_CATALOGS = YES;
				MTL_ENABLE_DEBUG_INFO = NO;
				MTL_FAST_MATH = YES;
				SDKROOT = iphoneos;
				SWIFT_COMPILATION_MODE = wholemodule;
				VALIDATE_PRODUCT = YES;
			};
			name = Release;
		};
		22CAF74A2BD8168900A4797F /* Debug */ = {
			isa = XCBuildConfiguration;
			buildSettings = {
				ASSETCATALOG_COMPILER_APPICON_NAME = AppIcon;
				ASSETCATALOG_COMPILER_GLOBAL_ACCENT_COLOR_NAME = AccentColor;
				CODE_SIGN_STYLE = Automatic;
				CURRENT_PROJECT_VERSION = 1;
				DEVELOPMENT_ASSET_PATHS = "\"CodeKid's/Preview Content\"";
				ENABLE_PREVIEWS = YES;
				GENERATE_INFOPLIST_FILE = YES;
				INFOPLIST_KEY_UIApplicationSceneManifest_Generation = YES;
				INFOPLIST_KEY_UIApplicationSupportsIndirectInputEvents = YES;
				INFOPLIST_KEY_UILaunchScreen_Generation = YES;
				INFOPLIST_KEY_UISupportedInterfaceOrientations = "UIInterfaceOrientationLandscapeLeft UIInterfaceOrientationLandscapeRight";
				LD_RUNPATH_SEARCH_PATHS = (
					"$(inherited)",
					"@executable_path/Frameworks",
				);
				MARKETING_VERSION = 1.0;
				PRODUCT_BUNDLE_IDENTIFIER = "time1foundation.CodeKid-s";
				PRODUCT_NAME = "$(TARGET_NAME)";
				SWIFT_EMIT_LOC_STRINGS = YES;
				SWIFT_VERSION = 5.0;
				TARGETED_DEVICE_FAMILY = "1,2";
			};
			name = Debug;
		};
		22CAF74B2BD8168900A4797F /* Release */ = {
			isa = XCBuildConfiguration;
			buildSettings = {
				ASSETCATALOG_COMPILER_APPICON_NAME = AppIcon;
				ASSETCATALOG_COMPILER_GLOBAL_ACCENT_COLOR_NAME = AccentColor;
				CODE_SIGN_STYLE = Automatic;
				CURRENT_PROJECT_VERSION = 1;
				DEVELOPMENT_ASSET_PATHS = "\"CodeKid's/Preview Content\"";
				ENABLE_PREVIEWS = YES;
				GENERATE_INFOPLIST_FILE = YES;
				INFOPLIST_KEY_UIApplicationSceneManifest_Generation = YES;
				INFOPLIST_KEY_UIApplicationSupportsIndirectInputEvents = YES;
				INFOPLIST_KEY_UILaunchScreen_Generation = YES;
				INFOPLIST_KEY_UISupportedInterfaceOrientations = "UIInterfaceOrientationLandscapeLeft UIInterfaceOrientationLandscapeRight";
				LD_RUNPATH_SEARCH_PATHS = (
					"$(inherited)",
					"@executable_path/Frameworks",
				);
				MARKETING_VERSION = 1.0;
				PRODUCT_BUNDLE_IDENTIFIER = "time1foundation.CodeKid-s";
				PRODUCT_NAME = "$(TARGET_NAME)";
				SWIFT_EMIT_LOC_STRINGS = YES;
				SWIFT_VERSION = 5.0;
				TARGETED_DEVICE_FAMILY = "1,2";
			};
			name = Release;
		};
/* End XCBuildConfiguration section */

/* Begin XCConfigurationList section */
		22CAF7342BD8168800A4797F /* Build configuration list for PBXProject "CodeKid's" */ = {
			isa = XCConfigurationList;
			buildConfigurations = (
				22CAF7472BD8168900A4797F /* Debug */,
				22CAF7482BD8168900A4797F /* Release */,
			);
			defaultConfigurationIsVisible = 0;
			defaultConfigurationName = Release;
		};
		22CAF7492BD8168900A4797F /* Build configuration list for PBXNativeTarget "CodeKid's" */ = {
			isa = XCConfigurationList;
			buildConfigurations = (
				22CAF74A2BD8168900A4797F /* Debug */,
				22CAF74B2BD8168900A4797F /* Release */,
			);
			defaultConfigurationIsVisible = 0;
			defaultConfigurationName = Release;
		};
/* End XCConfigurationList section */

/* Begin XCRemoteSwiftPackageReference section */
		228413E22BE579300099DCAF /* XCRemoteSwiftPackageReference "swiftui-lint" */ = {
			isa = XCRemoteSwiftPackageReference;
			repositoryURL = "https://github.com/mateusrodriguesxyz/swiftui-lint";
			requirement = {
				branch = beta;
				kind = branch;
			};
		};
/* End XCRemoteSwiftPackageReference section */

/* Begin XCSwiftPackageProductDependency section */
		228413E82BE57B760099DCAF /* SwiftUILintPlugin */ = {
			isa = XCSwiftPackageProductDependency;
			package = 228413E22BE579300099DCAF /* XCRemoteSwiftPackageReference "swiftui-lint" */;
			productName = "plugin:SwiftUILintPlugin";
		};
/* End XCSwiftPackageProductDependency section */
	};
	rootObject = 22CAF7312BD8168800A4797F /* Project object */;
}
